
Microsoft Visual Studio Solution File, Format Version 12.00
# Visual Studio Version 17
VisualStudioVersion = 17.4.33213.308
MinimumVisualStudioVersion = 10.0.40219.1
Project("{FAE04EC0-301F-11D3-BF4B-00C04F79EFBC}") = "DataAccess", "DataAccess\DataAccess.csproj", "{35786C34-E5FB-426C-9B26-7056D1DC5FCC}"
EndProject
Project("{FAE04EC0-301F-11D3-BF4B-00C04F79EFBC}") = "Business", "Business\Business.csproj", "{01BF3C76-11BA-4340-B51C-6C1D02FCF310}"
EndProject
Project("{FAE04EC0-301F-11D3-BF4B-00C04F79EFBC}") = "Entities", "Entities\Entities.csproj", "{A4C6DA07-8BB5-4F86-983C-DDB4588F5FEA}"
EndProject
Project("{FAE04EC0-301F-11D3-BF4B-00C04F79EFBC}") = "ConsoleUI", "ConsoleUI\ConsoleUI.csproj", "{C3ADDACF-D307-4B2B-86CC-9FFA2269C8A8}"
EndProject
Global
	GlobalSection(SolutionConfigurationPlatforms) = preSolution
		Debug|Any CPU = Debug|Any CPU
		Release|Any CPU = Release|Any CPU
	EndGlobalSection
	GlobalSection(ProjectConfigurationPlatforms) = postSolution
		{35786C34-E5FB-426C-9B26-7056D1DC5FCC}.Debug|Any CPU.ActiveCfg = Debug|Any CPU
		{35786C34-E5FB-426C-9B26-7056D1DC5FCC}.Debug|Any CPU.Build.0 = Debug|Any CPU
		{35786C34-E5FB-426C-9B26-7056D1DC5FCC}.Release|Any CPU.ActiveCfg = Release|Any CPU
		{35786C34-E5FB-426C-9B26-7056D1DC5FCC}.Release|Any CPU.Build.0 = Release|Any CPU
		{01BF3C76-11BA-4340-B51C-6C1D02FCF310}.Debug|Any CPU.ActiveCfg = Debug|Any CPU
		{01BF3C76-11BA-4340-B51C-6C1D02FCF310}.Debug|Any CPU.Build.0 = Debug|Any CPU
		{01BF3C76-11BA-4340-B51C-6C1D02FCF310}.Release|Any CPU.ActiveCfg = Release|Any CPU
		{01BF3C76-11BA-4340-B51C-6C1D02FCF310}.Release|Any CPU.Build.0 = Release|Any CPU
		{A4C6DA07-8BB5-4F86-983C-DDB4588F5FEA}.Debug|Any CPU.ActiveCfg = Debug|Any CPU
		{A4C6DA07-8BB5-4F86-983C-DDB4588F5FEA}.Debug|Any CPU.Build.0 = Debug|Any CPU
		{A4C6DA07-8BB5-4F86-983C-DDB4588F5FEA}.Release|Any CPU.ActiveCfg = Release|Any CPU
		{A4C6DA07-8BB5-4F86-983C-DDB4588F5FEA}.Release|Any CPU.Build.0 = Release|Any CPU
		{C3ADDACF-D307-4B2B-86CC-9FFA2269C8A8}.Debug|Any CPU.ActiveCfg = Debug|Any CPU
		{C3ADDACF-D307-4B2B-86CC-9FFA2269C8A8}.Debug|Any CPU.Build.0 = Debug|Any CPU
		{C3ADDACF-D307-4B2B-86CC-9FFA2269C8A8}.Release|Any CPU.ActiveCfg = Release|Any CPU
		{C3ADDACF-D307-4B2B-86CC-9FFA2269C8A8}.Release|Any CPU.Build.0 = Release|Any CPU
	EndGlobalSection
	GlobalSection(SolutionProperties) = preSolution
		HideSolutionNode = FALSE
	EndGlobalSection
	GlobalSection(ExtensibilityGlobals) = postSolution
		SolutionGuid = {6381EB76-2D45-4756-B388-554BBBA2983F}
	EndGlobalSection
EndGlobal
